
Microsoft Visual Studio Solution File, Format Version 12.00
# Visual Studio Version 16
VisualStudioVersion = 16.0.31613.86
MinimumVisualStudioVersion = 10.0.40219.1
Project("{FAE04EC0-301F-11D3-BF4B-00C04F79EFBC}") = "Exercicio25CSHarpCorreto", "Exercicio25CSHarpCorreto\Exercicio25CSHarpCorreto.csproj", "{28A5C6C3-2F23-453B-88B2-18A8C0AE912B}"
EndProject
Global
	GlobalSection(SolutionConfigurationPlatforms) = preSolution
		Debug|Any CPU = Debug|Any CPU
		Release|Any CPU = Release|Any CPU
	EndGlobalSection
	GlobalSection(ProjectConfigurationPlatforms) = postSolution
		{28A5C6C3-2F23-453B-88B2-18A8C0AE912B}.Debug|Any CPU.ActiveCfg = Debug|Any CPU
		{28A5C6C3-2F23-453B-88B2-18A8C0AE912B}.Debug|Any CPU.Build.0 = Debug|Any CPU
		{28A5C6C3-2F23-453B-88B2-18A8C0AE912B}.Release|Any CPU.ActiveCfg = Release|Any CPU
		{28A5C6C3-2F23-453B-88B2-18A8C0AE912B}.Release|Any CPU.Build.0 = Release|Any CPU
	EndGlobalSection
	GlobalSection(SolutionProperties) = preSolution
		HideSolutionNode = FALSE
	EndGlobalSection
	GlobalSection(ExtensibilityGlobals) = postSolution
		SolutionGuid = {ACD0A367-2D71-4915-91F7-185C880CFD14}
	EndGlobalSection
EndGlobal
