
Microsoft Visual Studio Solution File, Format Version 12.00
# Visual Studio Version 16
VisualStudioVersion = 16.0.31613.86
MinimumVisualStudioVersion = 10.0.40219.1
Project("{FAE04EC0-301F-11D3-BF4B-00C04F79EFBC}") = "DivisivelNumero", "DivisivelNumero\DivisivelNumero.csproj", "{8CB38FB3-8DF6-4CBB-B8B9-B61C28D537DC}"
EndProject
Global
	GlobalSection(SolutionConfigurationPlatforms) = preSolution
		Debug|Any CPU = Debug|Any CPU
		Release|Any CPU = Release|Any CPU
	EndGlobalSection
	GlobalSection(ProjectConfigurationPlatforms) = postSolution
		{8CB38FB3-8DF6-4CBB-B8B9-B61C28D537DC}.Debug|Any CPU.ActiveCfg = Debug|Any CPU
		{8CB38FB3-8DF6-4CBB-B8B9-B61C28D537DC}.Debug|Any CPU.Build.0 = Debug|Any CPU
		{8CB38FB3-8DF6-4CBB-B8B9-B61C28D537DC}.Release|Any CPU.ActiveCfg = Release|Any CPU
		{8CB38FB3-8DF6-4CBB-B8B9-B61C28D537DC}.Release|Any CPU.Build.0 = Release|Any CPU
	EndGlobalSection
	GlobalSection(SolutionProperties) = preSolution
		HideSolutionNode = FALSE
	EndGlobalSection
	GlobalSection(ExtensibilityGlobals) = postSolution
		SolutionGuid = {5EF8DBFB-5822-4662-B04F-8E0E967890D4}
	EndGlobalSection
EndGlobal
