
Microsoft Visual Studio Solution File, Format Version 12.00
# Visual Studio Version 16
VisualStudioVersion = 16.0.31613.86
MinimumVisualStudioVersion = 10.0.40219.1
Project("{FAE04EC0-301F-11D3-BF4B-00C04F79EFBC}") = "Exercicio4csharp", "Exercicio4csharp\Exercicio4csharp.csproj", "{734C56F2-2D3D-4A16-9316-7D183A74855A}"
EndProject
Global
	GlobalSection(SolutionConfigurationPlatforms) = preSolution
		Debug|Any CPU = Debug|Any CPU
		Release|Any CPU = Release|Any CPU
	EndGlobalSection
	GlobalSection(ProjectConfigurationPlatforms) = postSolution
		{734C56F2-2D3D-4A16-9316-7D183A74855A}.Debug|Any CPU.ActiveCfg = Debug|Any CPU
		{734C56F2-2D3D-4A16-9316-7D183A74855A}.Debug|Any CPU.Build.0 = Debug|Any CPU
		{734C56F2-2D3D-4A16-9316-7D183A74855A}.Release|Any CPU.ActiveCfg = Release|Any CPU
		{734C56F2-2D3D-4A16-9316-7D183A74855A}.Release|Any CPU.Build.0 = Release|Any CPU
	EndGlobalSection
	GlobalSection(SolutionProperties) = preSolution
		HideSolutionNode = FALSE
	EndGlobalSection
	GlobalSection(ExtensibilityGlobals) = postSolution
		SolutionGuid = {EB30851A-64CF-49D8-B8A6-4143BE76DC1B}
	EndGlobalSection
EndGlobal
