
Microsoft Visual Studio Solution File, Format Version 12.00
# Visual Studio Version 16
VisualStudioVersion = 16.0.31613.86
MinimumVisualStudioVersion = 10.0.40219.1
Project("{FAE04EC0-301F-11D3-BF4B-00C04F79EFBC}") = "Exercicio11Lista1", "Exercicio11Lista1\Exercicio11Lista1.csproj", "{F492A7F1-D464-4FA8-A98B-DC5CCF4A0740}"
EndProject
Global
	GlobalSection(SolutionConfigurationPlatforms) = preSolution
		Debug|Any CPU = Debug|Any CPU
		Release|Any CPU = Release|Any CPU
	EndGlobalSection
	GlobalSection(ProjectConfigurationPlatforms) = postSolution
		{F492A7F1-D464-4FA8-A98B-DC5CCF4A0740}.Debug|Any CPU.ActiveCfg = Debug|Any CPU
		{F492A7F1-D464-4FA8-A98B-DC5CCF4A0740}.Debug|Any CPU.Build.0 = Debug|Any CPU
		{F492A7F1-D464-4FA8-A98B-DC5CCF4A0740}.Release|Any CPU.ActiveCfg = Release|Any CPU
		{F492A7F1-D464-4FA8-A98B-DC5CCF4A0740}.Release|Any CPU.Build.0 = Release|Any CPU
	EndGlobalSection
	GlobalSection(SolutionProperties) = preSolution
		HideSolutionNode = FALSE
	EndGlobalSection
	GlobalSection(ExtensibilityGlobals) = postSolution
		SolutionGuid = {769C0E40-58B1-4EA5-BAFF-89859E317DB5}
	EndGlobalSection
EndGlobal
