
Microsoft Visual Studio Solution File, Format Version 12.00
# Visual Studio Version 16
VisualStudioVersion = 16.0.31613.86
MinimumVisualStudioVersion = 10.0.40219.1
Project("{FAE04EC0-301F-11D3-BF4B-00C04F79EFBC}") = "Repeticao4", "Repeticao4\Repeticao4.csproj", "{10367938-CD97-4967-AE56-2991D9E29421}"
EndProject
Global
	GlobalSection(SolutionConfigurationPlatforms) = preSolution
		Debug|Any CPU = Debug|Any CPU
		Release|Any CPU = Release|Any CPU
	EndGlobalSection
	GlobalSection(ProjectConfigurationPlatforms) = postSolution
		{10367938-CD97-4967-AE56-2991D9E29421}.Debug|Any CPU.ActiveCfg = Debug|Any CPU
		{10367938-CD97-4967-AE56-2991D9E29421}.Debug|Any CPU.Build.0 = Debug|Any CPU
		{10367938-CD97-4967-AE56-2991D9E29421}.Release|Any CPU.ActiveCfg = Release|Any CPU
		{10367938-CD97-4967-AE56-2991D9E29421}.Release|Any CPU.Build.0 = Release|Any CPU
	EndGlobalSection
	GlobalSection(SolutionProperties) = preSolution
		HideSolutionNode = FALSE
	EndGlobalSection
	GlobalSection(ExtensibilityGlobals) = postSolution
		SolutionGuid = {82BE759C-BEF7-4E72-98D4-4840646CB430}
	EndGlobalSection
EndGlobal
