
Microsoft Visual Studio Solution File, Format Version 12.00
# Visual Studio Version 16
VisualStudioVersion = 16.0.31613.86
MinimumVisualStudioVersion = 10.0.40219.1
Project("{FAE04EC0-301F-11D3-BF4B-00C04F79EFBC}") = "Teste01", "Teste01\Teste01.csproj", "{F5F7F59E-28EA-4D81-AEEE-3084A24984D3}"
EndProject
Global
	GlobalSection(SolutionConfigurationPlatforms) = preSolution
		Debug|Any CPU = Debug|Any CPU
		Release|Any CPU = Release|Any CPU
	EndGlobalSection
	GlobalSection(ProjectConfigurationPlatforms) = postSolution
		{F5F7F59E-28EA-4D81-AEEE-3084A24984D3}.Debug|Any CPU.ActiveCfg = Debug|Any CPU
		{F5F7F59E-28EA-4D81-AEEE-3084A24984D3}.Debug|Any CPU.Build.0 = Debug|Any CPU
		{F5F7F59E-28EA-4D81-AEEE-3084A24984D3}.Release|Any CPU.ActiveCfg = Release|Any CPU
		{F5F7F59E-28EA-4D81-AEEE-3084A24984D3}.Release|Any CPU.Build.0 = Release|Any CPU
	EndGlobalSection
	GlobalSection(SolutionProperties) = preSolution
		HideSolutionNode = FALSE
	EndGlobalSection
	GlobalSection(ExtensibilityGlobals) = postSolution
		SolutionGuid = {634B63A6-436C-4CC8-93FD-FA4D8A848091}
	EndGlobalSection
EndGlobal
