
Microsoft Visual Studio Solution File, Format Version 12.00
# Visual Studio Version 16
VisualStudioVersion = 16.0.31613.86
MinimumVisualStudioVersion = 10.0.40219.1
Project("{FAE04EC0-301F-11D3-BF4B-00C04F79EFBC}") = "Repeticao1", "Repeticao1\Repeticao1.csproj", "{04CD37F9-0D0F-437F-A327-2E4C4AD6BCAF}"
EndProject
Global
	GlobalSection(SolutionConfigurationPlatforms) = preSolution
		Debug|Any CPU = Debug|Any CPU
		Release|Any CPU = Release|Any CPU
	EndGlobalSection
	GlobalSection(ProjectConfigurationPlatforms) = postSolution
		{04CD37F9-0D0F-437F-A327-2E4C4AD6BCAF}.Debug|Any CPU.ActiveCfg = Debug|Any CPU
		{04CD37F9-0D0F-437F-A327-2E4C4AD6BCAF}.Debug|Any CPU.Build.0 = Debug|Any CPU
		{04CD37F9-0D0F-437F-A327-2E4C4AD6BCAF}.Release|Any CPU.ActiveCfg = Release|Any CPU
		{04CD37F9-0D0F-437F-A327-2E4C4AD6BCAF}.Release|Any CPU.Build.0 = Release|Any CPU
	EndGlobalSection
	GlobalSection(SolutionProperties) = preSolution
		HideSolutionNode = FALSE
	EndGlobalSection
	GlobalSection(ExtensibilityGlobals) = postSolution
		SolutionGuid = {0DC6C2A7-D8D4-45CD-A7BD-F230E6A82303}
	EndGlobalSection
EndGlobal
