
Microsoft Visual Studio Solution File, Format Version 12.00
# Visual Studio Version 16
VisualStudioVersion = 16.0.31613.86
MinimumVisualStudioVersion = 10.0.40219.1
Project("{FAE04EC0-301F-11D3-BF4B-00C04F79EFBC}") = "Lista3Exercicio33", "Lista3Exercicio33\Lista3Exercicio33.csproj", "{A7B7011F-7C56-4245-9380-23E06BC17343}"
EndProject
Global
	GlobalSection(SolutionConfigurationPlatforms) = preSolution
		Debug|Any CPU = Debug|Any CPU
		Release|Any CPU = Release|Any CPU
	EndGlobalSection
	GlobalSection(ProjectConfigurationPlatforms) = postSolution
		{A7B7011F-7C56-4245-9380-23E06BC17343}.Debug|Any CPU.ActiveCfg = Debug|Any CPU
		{A7B7011F-7C56-4245-9380-23E06BC17343}.Debug|Any CPU.Build.0 = Debug|Any CPU
		{A7B7011F-7C56-4245-9380-23E06BC17343}.Release|Any CPU.ActiveCfg = Release|Any CPU
		{A7B7011F-7C56-4245-9380-23E06BC17343}.Release|Any CPU.Build.0 = Release|Any CPU
	EndGlobalSection
	GlobalSection(SolutionProperties) = preSolution
		HideSolutionNode = FALSE
	EndGlobalSection
	GlobalSection(ExtensibilityGlobals) = postSolution
		SolutionGuid = {E6B935B2-C3C9-4764-85F0-870478C65837}
	EndGlobalSection
EndGlobal
