
Microsoft Visual Studio Solution File, Format Version 12.00
# Visual Studio Version 16
VisualStudioVersion = 16.0.31613.86
MinimumVisualStudioVersion = 10.0.40219.1
Project("{FAE04EC0-301F-11D3-BF4B-00C04F79EFBC}") = "Repeticao8", "Repeticao8\Repeticao8.csproj", "{DF3EFEAF-AB7C-4EA9-9B55-913B7522C45A}"
EndProject
Global
	GlobalSection(SolutionConfigurationPlatforms) = preSolution
		Debug|Any CPU = Debug|Any CPU
		Release|Any CPU = Release|Any CPU
	EndGlobalSection
	GlobalSection(ProjectConfigurationPlatforms) = postSolution
		{DF3EFEAF-AB7C-4EA9-9B55-913B7522C45A}.Debug|Any CPU.ActiveCfg = Debug|Any CPU
		{DF3EFEAF-AB7C-4EA9-9B55-913B7522C45A}.Debug|Any CPU.Build.0 = Debug|Any CPU
		{DF3EFEAF-AB7C-4EA9-9B55-913B7522C45A}.Release|Any CPU.ActiveCfg = Release|Any CPU
		{DF3EFEAF-AB7C-4EA9-9B55-913B7522C45A}.Release|Any CPU.Build.0 = Release|Any CPU
	EndGlobalSection
	GlobalSection(SolutionProperties) = preSolution
		HideSolutionNode = FALSE
	EndGlobalSection
	GlobalSection(ExtensibilityGlobals) = postSolution
		SolutionGuid = {BFD78A0B-A099-48A2-96C8-8BA9E5207561}
	EndGlobalSection
EndGlobal
