
Microsoft Visual Studio Solution File, Format Version 12.00
# Visual Studio Version 16
VisualStudioVersion = 16.0.31613.86
MinimumVisualStudioVersion = 10.0.40219.1
Project("{FAE04EC0-301F-11D3-BF4B-00C04F79EFBC}") = "Exercicio15Lista1", "Exercicio15Lista1\Exercicio15Lista1.csproj", "{01EC36A8-C700-422F-A4F1-12103E0853B3}"
EndProject
Global
	GlobalSection(SolutionConfigurationPlatforms) = preSolution
		Debug|Any CPU = Debug|Any CPU
		Release|Any CPU = Release|Any CPU
	EndGlobalSection
	GlobalSection(ProjectConfigurationPlatforms) = postSolution
		{01EC36A8-C700-422F-A4F1-12103E0853B3}.Debug|Any CPU.ActiveCfg = Debug|Any CPU
		{01EC36A8-C700-422F-A4F1-12103E0853B3}.Debug|Any CPU.Build.0 = Debug|Any CPU
		{01EC36A8-C700-422F-A4F1-12103E0853B3}.Release|Any CPU.ActiveCfg = Release|Any CPU
		{01EC36A8-C700-422F-A4F1-12103E0853B3}.Release|Any CPU.Build.0 = Release|Any CPU
	EndGlobalSection
	GlobalSection(SolutionProperties) = preSolution
		HideSolutionNode = FALSE
	EndGlobalSection
	GlobalSection(ExtensibilityGlobals) = postSolution
		SolutionGuid = {D1DACF51-5272-4094-AFEB-91D60569E210}
	EndGlobalSection
EndGlobal
