
Microsoft Visual Studio Solution File, Format Version 12.00
# Visual Studio Version 16
VisualStudioVersion = 16.0.31613.86
MinimumVisualStudioVersion = 10.0.40219.1
Project("{FAE04EC0-301F-11D3-BF4B-00C04F79EFBC}") = "Exercicio9CSharp", "Exercicio9CSharp\Exercicio9CSharp.csproj", "{190185EC-CD1F-474A-BA10-979034F43E41}"
EndProject
Global
	GlobalSection(SolutionConfigurationPlatforms) = preSolution
		Debug|Any CPU = Debug|Any CPU
		Release|Any CPU = Release|Any CPU
	EndGlobalSection
	GlobalSection(ProjectConfigurationPlatforms) = postSolution
		{190185EC-CD1F-474A-BA10-979034F43E41}.Debug|Any CPU.ActiveCfg = Debug|Any CPU
		{190185EC-CD1F-474A-BA10-979034F43E41}.Debug|Any CPU.Build.0 = Debug|Any CPU
		{190185EC-CD1F-474A-BA10-979034F43E41}.Release|Any CPU.ActiveCfg = Release|Any CPU
		{190185EC-CD1F-474A-BA10-979034F43E41}.Release|Any CPU.Build.0 = Release|Any CPU
	EndGlobalSection
	GlobalSection(SolutionProperties) = preSolution
		HideSolutionNode = FALSE
	EndGlobalSection
	GlobalSection(ExtensibilityGlobals) = postSolution
		SolutionGuid = {5E540C21-6DF3-4B4F-8819-B4673E033DDF}
	EndGlobalSection
EndGlobal
