
Microsoft Visual Studio Solution File, Format Version 12.00
# Visual Studio Version 16
VisualStudioVersion = 16.0.31613.86
MinimumVisualStudioVersion = 10.0.40219.1
Project("{FAE04EC0-301F-11D3-BF4B-00C04F79EFBC}") = "Exercicio3Lista15", "Exercicio3Lista15\Exercicio3Lista15.csproj", "{28D48001-F1D5-4C27-80A6-100CB1E71F09}"
EndProject
Global
	GlobalSection(SolutionConfigurationPlatforms) = preSolution
		Debug|Any CPU = Debug|Any CPU
		Release|Any CPU = Release|Any CPU
	EndGlobalSection
	GlobalSection(ProjectConfigurationPlatforms) = postSolution
		{28D48001-F1D5-4C27-80A6-100CB1E71F09}.Debug|Any CPU.ActiveCfg = Debug|Any CPU
		{28D48001-F1D5-4C27-80A6-100CB1E71F09}.Debug|Any CPU.Build.0 = Debug|Any CPU
		{28D48001-F1D5-4C27-80A6-100CB1E71F09}.Release|Any CPU.ActiveCfg = Release|Any CPU
		{28D48001-F1D5-4C27-80A6-100CB1E71F09}.Release|Any CPU.Build.0 = Release|Any CPU
	EndGlobalSection
	GlobalSection(SolutionProperties) = preSolution
		HideSolutionNode = FALSE
	EndGlobalSection
	GlobalSection(ExtensibilityGlobals) = postSolution
		SolutionGuid = {42D4AF05-A440-4593-89CA-A5C4022AC020}
	EndGlobalSection
EndGlobal
