
Microsoft Visual Studio Solution File, Format Version 12.00
# Visual Studio Version 16
VisualStudioVersion = 16.0.31613.86
MinimumVisualStudioVersion = 10.0.40219.1
Project("{FAE04EC0-301F-11D3-BF4B-00C04F79EFBC}") = "Lista3Exercicio27", "Lista3Exercicio27\Lista3Exercicio27.csproj", "{93CD83DB-AEAA-49EF-8E57-C6B37E317A5A}"
EndProject
Global
	GlobalSection(SolutionConfigurationPlatforms) = preSolution
		Debug|Any CPU = Debug|Any CPU
		Release|Any CPU = Release|Any CPU
	EndGlobalSection
	GlobalSection(ProjectConfigurationPlatforms) = postSolution
		{93CD83DB-AEAA-49EF-8E57-C6B37E317A5A}.Debug|Any CPU.ActiveCfg = Debug|Any CPU
		{93CD83DB-AEAA-49EF-8E57-C6B37E317A5A}.Debug|Any CPU.Build.0 = Debug|Any CPU
		{93CD83DB-AEAA-49EF-8E57-C6B37E317A5A}.Release|Any CPU.ActiveCfg = Release|Any CPU
		{93CD83DB-AEAA-49EF-8E57-C6B37E317A5A}.Release|Any CPU.Build.0 = Release|Any CPU
	EndGlobalSection
	GlobalSection(SolutionProperties) = preSolution
		HideSolutionNode = FALSE
	EndGlobalSection
	GlobalSection(ExtensibilityGlobals) = postSolution
		SolutionGuid = {4FCA646D-2010-478D-A738-6C8280FAD570}
	EndGlobalSection
EndGlobal
