
Microsoft Visual Studio Solution File, Format Version 12.00
# Visual Studio Version 16
VisualStudioVersion = 16.0.31613.86
MinimumVisualStudioVersion = 10.0.40219.1
Project("{FAE04EC0-301F-11D3-BF4B-00C04F79EFBC}") = "Lista3Exercicio37", "Lista3Exercicio37\Lista3Exercicio37.csproj", "{64DC7BBD-8D7A-47D4-8E5F-E2FE151C978C}"
EndProject
Global
	GlobalSection(SolutionConfigurationPlatforms) = preSolution
		Debug|Any CPU = Debug|Any CPU
		Release|Any CPU = Release|Any CPU
	EndGlobalSection
	GlobalSection(ProjectConfigurationPlatforms) = postSolution
		{64DC7BBD-8D7A-47D4-8E5F-E2FE151C978C}.Debug|Any CPU.ActiveCfg = Debug|Any CPU
		{64DC7BBD-8D7A-47D4-8E5F-E2FE151C978C}.Debug|Any CPU.Build.0 = Debug|Any CPU
		{64DC7BBD-8D7A-47D4-8E5F-E2FE151C978C}.Release|Any CPU.ActiveCfg = Release|Any CPU
		{64DC7BBD-8D7A-47D4-8E5F-E2FE151C978C}.Release|Any CPU.Build.0 = Release|Any CPU
	EndGlobalSection
	GlobalSection(SolutionProperties) = preSolution
		HideSolutionNode = FALSE
	EndGlobalSection
	GlobalSection(ExtensibilityGlobals) = postSolution
		SolutionGuid = {204B9B90-4C08-43F0-AA48-4616D4B2D98D}
	EndGlobalSection
EndGlobal
