
Microsoft Visual Studio Solution File, Format Version 12.00
# Visual Studio Version 16
VisualStudioVersion = 16.0.31613.86
MinimumVisualStudioVersion = 10.0.40219.1
Project("{FAE04EC0-301F-11D3-BF4B-00C04F79EFBC}") = "Lista3Exercicio1Certo", "Lista3Exercicio1Certo\Lista3Exercicio1Certo.csproj", "{62877C35-969C-4372-9240-7711722D7251}"
EndProject
Global
	GlobalSection(SolutionConfigurationPlatforms) = preSolution
		Debug|Any CPU = Debug|Any CPU
		Release|Any CPU = Release|Any CPU
	EndGlobalSection
	GlobalSection(ProjectConfigurationPlatforms) = postSolution
		{62877C35-969C-4372-9240-7711722D7251}.Debug|Any CPU.ActiveCfg = Debug|Any CPU
		{62877C35-969C-4372-9240-7711722D7251}.Debug|Any CPU.Build.0 = Debug|Any CPU
		{62877C35-969C-4372-9240-7711722D7251}.Release|Any CPU.ActiveCfg = Release|Any CPU
		{62877C35-969C-4372-9240-7711722D7251}.Release|Any CPU.Build.0 = Release|Any CPU
	EndGlobalSection
	GlobalSection(SolutionProperties) = preSolution
		HideSolutionNode = FALSE
	EndGlobalSection
	GlobalSection(ExtensibilityGlobals) = postSolution
		SolutionGuid = {4F676655-38FF-43E0-8DDB-0C48D0744E7E}
	EndGlobalSection
EndGlobal
